
Microsoft Visual Studio Solution File, Format Version 12.00
# Visual Studio 2012
Project("{FAE04EC0-301F-11D3-BF4B-00C04F79EFBC}") = "Sample", "Sample\Sample.csproj", "{0F28EDB9-C1BF-4ADE-A9C6-654A34F5015F}"
EndProject
Project("{FAE04EC0-301F-11D3-BF4B-00C04F79EFBC}") = "NParasiticNumberPuzzle", "NParasiticNumberPuzzle\NParasiticNumberPuzzle.csproj", "{F1BDF5B4-49E5-49C2-9B0C-C2E9947289B4}"
EndProject
Project("{FAE04EC0-301F-11D3-BF4B-00C04F79EFBC}") = "RisingEmirpNumbersPuzzle", "RisingEmirpNumbersPuzzle\RisingEmirpNumbersPuzzle.csproj", "{43F05DFF-6D82-442F-9856-5C68676F9DEA}"
EndProject
Global
	GlobalSection(SolutionConfigurationPlatforms) = preSolution
		Debug|Any CPU = Debug|Any CPU
		Release|Any CPU = Release|Any CPU
	EndGlobalSection
	GlobalSection(ProjectConfigurationPlatforms) = postSolution
		{0F28EDB9-C1BF-4ADE-A9C6-654A34F5015F}.Debug|Any CPU.ActiveCfg = Debug|Any CPU
		{0F28EDB9-C1BF-4ADE-A9C6-654A34F5015F}.Debug|Any CPU.Build.0 = Debug|Any CPU
		{0F28EDB9-C1BF-4ADE-A9C6-654A34F5015F}.Release|Any CPU.ActiveCfg = Release|Any CPU
		{0F28EDB9-C1BF-4ADE-A9C6-654A34F5015F}.Release|Any CPU.Build.0 = Release|Any CPU
		{F1BDF5B4-49E5-49C2-9B0C-C2E9947289B4}.Debug|Any CPU.ActiveCfg = Debug|Any CPU
		{F1BDF5B4-49E5-49C2-9B0C-C2E9947289B4}.Debug|Any CPU.Build.0 = Debug|Any CPU
		{F1BDF5B4-49E5-49C2-9B0C-C2E9947289B4}.Release|Any CPU.ActiveCfg = Release|Any CPU
		{F1BDF5B4-49E5-49C2-9B0C-C2E9947289B4}.Release|Any CPU.Build.0 = Release|Any CPU
		{43F05DFF-6D82-442F-9856-5C68676F9DEA}.Debug|Any CPU.ActiveCfg = Debug|Any CPU
		{43F05DFF-6D82-442F-9856-5C68676F9DEA}.Debug|Any CPU.Build.0 = Debug|Any CPU
		{43F05DFF-6D82-442F-9856-5C68676F9DEA}.Release|Any CPU.ActiveCfg = Release|Any CPU
		{43F05DFF-6D82-442F-9856-5C68676F9DEA}.Release|Any CPU.Build.0 = Release|Any CPU
	EndGlobalSection
EndGlobal
