
Microsoft Visual Studio Solution File, Format Version 12.00
# Visual Studio 2012
Project("{FAE04EC0-301F-11D3-BF4B-00C04F79EFBC}") = "NParasiticNumberPuzzle", "NParasiticNumberPuzzle\NParasiticNumberPuzzle.csproj", "{F1BDF5B4-49E5-49C2-9B0C-C2E9947289B4}"
EndProject
Project("{FAE04EC0-301F-11D3-BF4B-00C04F79EFBC}") = "RisingEmirpNumbersPuzzle", "RisingEmirpNumbersPuzzle\RisingEmirpNumbersPuzzle.csproj", "{43F05DFF-6D82-442F-9856-5C68676F9DEA}"
EndProject
Project("{2150E333-8FDC-42A3-9474-1A3956D46DE8}") = "Solution Items", "Solution Items", "{097B204A-D424-4B61-9334-29FC60E0B3D8}"
	ProjectSection(SolutionItems) = preProject
		README.md = README.md
		LICENSE = LICENSE
	EndProjectSection
EndProject
Project("{FAE04EC0-301F-11D3-BF4B-00C04F79EFBC}") = "CyclicNumberPuzzle", "CyclicNumberPuzzle\CyclicNumberPuzzle.csproj", "{83A54F82-8F3B-489B-8CAF-5E757F8D43C4}"
EndProject
Project("{FAE04EC0-301F-11D3-BF4B-00C04F79EFBC}") = "PalindromicSquarePuzzle", "PalindromicSquarePuzzle\PalindromicSquarePuzzle.csproj", "{0C639F69-042C-4EF6-8420-B6639D23B7BA}"
EndProject
Project("{FAE04EC0-301F-11D3-BF4B-00C04F79EFBC}") = "FourDigitReverseNumberPuzzle", "FourDigitReverseNumberPuzzle\FourDigitReverseNumberPuzzle.csproj", "{98393E20-C8E7-4684-BF64-05C9113327B0}"
EndProject
Project("{FAE04EC0-301F-11D3-BF4B-00C04F79EFBC}") = "KomachiPuzzle", "KomachiPuzzle\KomachiPuzzle.csproj", "{2A54CB57-640B-4F2B-8830-EB43FA509C07}"
EndProject
Project("{FAE04EC0-301F-11D3-BF4B-00C04F79EFBC}") = "KomachiRingPuzzle", "KomachiRingPuzzle\KomachiRingPuzzle.csproj", "{283255D3-A6E1-45F4-9512-87147019C624}"
EndProject
Project("{2150E333-8FDC-42A3-9474-1A3956D46DE8}") = "Images", "Images", "{277C36FE-6C41-4021-B0A5-8B1FE35B6280}"
	ProjectSection(SolutionItems) = preProject
		Images\komachiRing.png = Images\komachiRing.png
		Images\Triangle15Puzzle.png = Images\Triangle15Puzzle.png
	EndProjectSection
EndProject
Project("{FAE04EC0-301F-11D3-BF4B-00C04F79EFBC}") = "Komachi3ExpPuzzle", "Komachi3ExpPuzzle\Komachi3ExpPuzzle.csproj", "{313FE149-529C-49F8-BD47-13CF93000299}"
EndProject
Project("{FAE04EC0-301F-11D3-BF4B-00C04F79EFBC}") = "KomachiSquarePuzzle", "KomachiSquarePuzzle\KomachiSquarePuzzle.csproj", "{5274F534-1C75-4EAB-A1D7-571C5A75D175}"
EndProject
Project("{FAE04EC0-301F-11D3-BF4B-00C04F79EFBC}") = "KomachiFactorizationPuzzle", "KomachiFactorizationPuzzle\KomachiFactorizationPuzzle.csproj", "{FD82BA56-DE15-4F9E-9320-2E14DD9CFB2B}"
EndProject
Project("{FAE04EC0-301F-11D3-BF4B-00C04F79EFBC}") = "CenturyPuzzle", "CenturyPuzzle\CenturyPuzzle.csproj", "{CE1A25BE-DEE4-4F49-889B-CBCF2278A01A}"
EndProject
Project("{FAE04EC0-301F-11D3-BF4B-00C04F79EFBC}") = "Triangle15Puzzle", "Triangle15Puzzle\Triangle15Puzzle.csproj", "{9B275730-DDAF-46D4-9B59-0704062C8108}"
EndProject
Global
	GlobalSection(SolutionConfigurationPlatforms) = preSolution
		Debug|Any CPU = Debug|Any CPU
		Release|Any CPU = Release|Any CPU
	EndGlobalSection
	GlobalSection(ProjectConfigurationPlatforms) = postSolution
		{F1BDF5B4-49E5-49C2-9B0C-C2E9947289B4}.Debug|Any CPU.ActiveCfg = Debug|Any CPU
		{F1BDF5B4-49E5-49C2-9B0C-C2E9947289B4}.Debug|Any CPU.Build.0 = Debug|Any CPU
		{F1BDF5B4-49E5-49C2-9B0C-C2E9947289B4}.Release|Any CPU.ActiveCfg = Release|Any CPU
		{F1BDF5B4-49E5-49C2-9B0C-C2E9947289B4}.Release|Any CPU.Build.0 = Release|Any CPU
		{43F05DFF-6D82-442F-9856-5C68676F9DEA}.Debug|Any CPU.ActiveCfg = Debug|Any CPU
		{43F05DFF-6D82-442F-9856-5C68676F9DEA}.Debug|Any CPU.Build.0 = Debug|Any CPU
		{43F05DFF-6D82-442F-9856-5C68676F9DEA}.Release|Any CPU.ActiveCfg = Release|Any CPU
		{43F05DFF-6D82-442F-9856-5C68676F9DEA}.Release|Any CPU.Build.0 = Release|Any CPU
		{83A54F82-8F3B-489B-8CAF-5E757F8D43C4}.Debug|Any CPU.ActiveCfg = Debug|Any CPU
		{83A54F82-8F3B-489B-8CAF-5E757F8D43C4}.Debug|Any CPU.Build.0 = Debug|Any CPU
		{83A54F82-8F3B-489B-8CAF-5E757F8D43C4}.Release|Any CPU.ActiveCfg = Release|Any CPU
		{83A54F82-8F3B-489B-8CAF-5E757F8D43C4}.Release|Any CPU.Build.0 = Release|Any CPU
		{0C639F69-042C-4EF6-8420-B6639D23B7BA}.Debug|Any CPU.ActiveCfg = Debug|Any CPU
		{0C639F69-042C-4EF6-8420-B6639D23B7BA}.Debug|Any CPU.Build.0 = Debug|Any CPU
		{0C639F69-042C-4EF6-8420-B6639D23B7BA}.Release|Any CPU.ActiveCfg = Release|Any CPU
		{0C639F69-042C-4EF6-8420-B6639D23B7BA}.Release|Any CPU.Build.0 = Release|Any CPU
		{98393E20-C8E7-4684-BF64-05C9113327B0}.Debug|Any CPU.ActiveCfg = Debug|Any CPU
		{98393E20-C8E7-4684-BF64-05C9113327B0}.Debug|Any CPU.Build.0 = Debug|Any CPU
		{98393E20-C8E7-4684-BF64-05C9113327B0}.Release|Any CPU.ActiveCfg = Release|Any CPU
		{98393E20-C8E7-4684-BF64-05C9113327B0}.Release|Any CPU.Build.0 = Release|Any CPU
		{2A54CB57-640B-4F2B-8830-EB43FA509C07}.Debug|Any CPU.ActiveCfg = Debug|Any CPU
		{2A54CB57-640B-4F2B-8830-EB43FA509C07}.Debug|Any CPU.Build.0 = Debug|Any CPU
		{2A54CB57-640B-4F2B-8830-EB43FA509C07}.Release|Any CPU.ActiveCfg = Release|Any CPU
		{2A54CB57-640B-4F2B-8830-EB43FA509C07}.Release|Any CPU.Build.0 = Release|Any CPU
		{283255D3-A6E1-45F4-9512-87147019C624}.Debug|Any CPU.ActiveCfg = Debug|Any CPU
		{283255D3-A6E1-45F4-9512-87147019C624}.Debug|Any CPU.Build.0 = Debug|Any CPU
		{283255D3-A6E1-45F4-9512-87147019C624}.Release|Any CPU.ActiveCfg = Release|Any CPU
		{283255D3-A6E1-45F4-9512-87147019C624}.Release|Any CPU.Build.0 = Release|Any CPU
		{313FE149-529C-49F8-BD47-13CF93000299}.Debug|Any CPU.ActiveCfg = Debug|Any CPU
		{313FE149-529C-49F8-BD47-13CF93000299}.Debug|Any CPU.Build.0 = Debug|Any CPU
		{313FE149-529C-49F8-BD47-13CF93000299}.Release|Any CPU.ActiveCfg = Release|Any CPU
		{313FE149-529C-49F8-BD47-13CF93000299}.Release|Any CPU.Build.0 = Release|Any CPU
		{5274F534-1C75-4EAB-A1D7-571C5A75D175}.Debug|Any CPU.ActiveCfg = Debug|Any CPU
		{5274F534-1C75-4EAB-A1D7-571C5A75D175}.Debug|Any CPU.Build.0 = Debug|Any CPU
		{5274F534-1C75-4EAB-A1D7-571C5A75D175}.Release|Any CPU.ActiveCfg = Release|Any CPU
		{5274F534-1C75-4EAB-A1D7-571C5A75D175}.Release|Any CPU.Build.0 = Release|Any CPU
		{FD82BA56-DE15-4F9E-9320-2E14DD9CFB2B}.Debug|Any CPU.ActiveCfg = Debug|Any CPU
		{FD82BA56-DE15-4F9E-9320-2E14DD9CFB2B}.Debug|Any CPU.Build.0 = Debug|Any CPU
		{FD82BA56-DE15-4F9E-9320-2E14DD9CFB2B}.Release|Any CPU.ActiveCfg = Release|Any CPU
		{FD82BA56-DE15-4F9E-9320-2E14DD9CFB2B}.Release|Any CPU.Build.0 = Release|Any CPU
		{CE1A25BE-DEE4-4F49-889B-CBCF2278A01A}.Debug|Any CPU.ActiveCfg = Debug|Any CPU
		{CE1A25BE-DEE4-4F49-889B-CBCF2278A01A}.Debug|Any CPU.Build.0 = Debug|Any CPU
		{CE1A25BE-DEE4-4F49-889B-CBCF2278A01A}.Release|Any CPU.ActiveCfg = Release|Any CPU
		{CE1A25BE-DEE4-4F49-889B-CBCF2278A01A}.Release|Any CPU.Build.0 = Release|Any CPU
		{9B275730-DDAF-46D4-9B59-0704062C8108}.Debug|Any CPU.ActiveCfg = Debug|Any CPU
		{9B275730-DDAF-46D4-9B59-0704062C8108}.Debug|Any CPU.Build.0 = Debug|Any CPU
		{9B275730-DDAF-46D4-9B59-0704062C8108}.Release|Any CPU.ActiveCfg = Release|Any CPU
		{9B275730-DDAF-46D4-9B59-0704062C8108}.Release|Any CPU.Build.0 = Release|Any CPU
	EndGlobalSection
	GlobalSection(MonoDevelopProperties) = preSolution
		Policies = $0
		$0.TextStylePolicy = $1
		$1.EolMarker = Unix
		$1.scope = text/x-csharp
		$0.CSharpFormattingPolicy = $2
		$2.scope = text/x-csharp
		$2.NewLinesForBracesInTypes = False
		$2.NewLinesForBracesInMethods = False
		$2.NewLinesForBracesInProperties = False
		$2.NewLinesForBracesInAccessors = False
		$2.NewLinesForBracesInAnonymousMethods = False
		$2.NewLinesForBracesInControlBlocks = False
		$2.NewLinesForBracesInAnonymousTypes = False
		$2.NewLinesForBracesInObjectCollectionArrayInitializers = False
		$2.NewLinesForBracesInLambdaExpressionBody = False
		$2.NewLineForElse = False
		$2.NewLineForCatch = False
		$2.NewLineForFinally = False
	EndGlobalSection
	GlobalSection(NestedProjects) = preSolution
	EndGlobalSection
EndGlobal
